
Microsoft Visual Studio Solution File, Format Version 12.00
# Visual Studio Version 17
VisualStudioVersion = 17.3.32901.215
MinimumVisualStudioVersion = 10.0.40219.1
Project("{FAE04EC0-301F-11D3-BF4B-00C04F79EFBC}") = "uygulama-3", "uygulama-3\uygulama-3.csproj", "{DEF05AE1-5284-4C8D-9574-2A45F8B89A77}"
EndProject
Global
	GlobalSection(SolutionConfigurationPlatforms) = preSolution
		Debug|Any CPU = Debug|Any CPU
		Release|Any CPU = Release|Any CPU
	EndGlobalSection
	GlobalSection(ProjectConfigurationPlatforms) = postSolution
		{DEF05AE1-5284-4C8D-9574-2A45F8B89A77}.Debug|Any CPU.ActiveCfg = Debug|Any CPU
		{DEF05AE1-5284-4C8D-9574-2A45F8B89A77}.Debug|Any CPU.Build.0 = Debug|Any CPU
		{DEF05AE1-5284-4C8D-9574-2A45F8B89A77}.Release|Any CPU.ActiveCfg = Release|Any CPU
		{DEF05AE1-5284-4C8D-9574-2A45F8B89A77}.Release|Any CPU.Build.0 = Release|Any CPU
	EndGlobalSection
	GlobalSection(SolutionProperties) = preSolution
		HideSolutionNode = FALSE
	EndGlobalSection
	GlobalSection(ExtensibilityGlobals) = postSolution
		SolutionGuid = {BB210DEB-090B-42CB-9077-F94B6FC5EAA1}
	EndGlobalSection
EndGlobal
